
Microsoft Visual Studio Solution File, Format Version 12.00
# Visual Studio Version 17
VisualStudioVersion = 17.3.32819.101
MinimumVisualStudioVersion = 10.0.40219.1
Project("{9A19103F-16F7-4668-BE54-9A1E7A4F7556}") = "masroufiServer", "masroufiServer.csproj", "{DEE4AF41-A7D6-4A74-B123-B59A81EE1E8A}"
EndProject
Project("{2150E333-8FDC-42A3-9474-1A3956D46DE8}") = "Solution Items", "Solution Items", "{C0D378BD-B8FA-4C65-9F46-44F6BCDF4509}"
	ProjectSection(SolutionItems) = preProject
		.editorconfig = .editorconfig
	EndProjectSection
EndProject
Global
	GlobalSection(SolutionConfigurationPlatforms) = preSolution
		Debug|Any CPU = Debug|Any CPU
		Release|Any CPU = Release|Any CPU
	EndGlobalSection
	GlobalSection(ProjectConfigurationPlatforms) = postSolution
		{DEE4AF41-A7D6-4A74-B123-B59A81EE1E8A}.Debug|Any CPU.ActiveCfg = Debug|Any CPU
		{DEE4AF41-A7D6-4A74-B123-B59A81EE1E8A}.Debug|Any CPU.Build.0 = Debug|Any CPU
		{DEE4AF41-A7D6-4A74-B123-B59A81EE1E8A}.Release|Any CPU.ActiveCfg = Release|Any CPU
		{DEE4AF41-A7D6-4A74-B123-B59A81EE1E8A}.Release|Any CPU.Build.0 = Release|Any CPU
	EndGlobalSection
	GlobalSection(SolutionProperties) = preSolution
		HideSolutionNode = FALSE
	EndGlobalSection
	GlobalSection(ExtensibilityGlobals) = postSolution
		SolutionGuid = {4895A4A9-51AB-4D99-8BEB-7724F40126C1}
	EndGlobalSection
EndGlobal
